
Microsoft Visual Studio Solution File, Format Version 12.00
# Visual Studio Version 17
VisualStudioVersion = 17.9.34723.18
MinimumVisualStudioVersion = 10.0.40219.1
Project("{9A19103F-16F7-4668-BE54-9A1E7A4F7556}") = "Prompt.Application", "Prompt.Application\Prompt.Application.csproj", "{9AFCB2A1-0A16-4093-969D-A3E4E5A213EE}"
EndProject
Project("{9A19103F-16F7-4668-BE54-9A1E7A4F7556}") = "Prompt.Domain", "Prompt.Domain\Prompt.Domain.csproj", "{E8C979C0-E872-4AB3-9D18-BE84CEE1F96F}"
EndProject
Project("{2150E333-8FDC-42A3-9474-1A3956D46DE8}") = "Shared", "Shared", "{3C2FB4AE-4FA4-4CE9-BBF3-5A8382C8B6D8}"
EndProject
Project("{9A19103F-16F7-4668-BE54-9A1E7A4F7556}") = "Global", "Global\Global.csproj", "{C40A2516-159D-4E00-92B4-DDF2298642A4}"
EndProject
Project("{9A19103F-16F7-4668-BE54-9A1E7A4F7556}") = "Prompt.Infrastructure", "Prompt.Infrastructure\Prompt.Infrastructure.csproj", "{5F093838-EA43-4204-ACD1-5DDC5611BAAA}"
EndProject
Project("{FAE04EC0-301F-11D3-BF4B-00C04F79EFBC}") = "Prompt.Api1", "Prompt.Api1\Prompt.Api1.csproj", "{5745C2C6-CE53-45B3-BDE5-07FEBD53167A}"
EndProject
Global
	GlobalSection(SolutionConfigurationPlatforms) = preSolution
		Debug|Any CPU = Debug|Any CPU
		Release|Any CPU = Release|Any CPU
	EndGlobalSection
	GlobalSection(ProjectConfigurationPlatforms) = postSolution
		{9AFCB2A1-0A16-4093-969D-A3E4E5A213EE}.Debug|Any CPU.ActiveCfg = Debug|Any CPU
		{9AFCB2A1-0A16-4093-969D-A3E4E5A213EE}.Debug|Any CPU.Build.0 = Debug|Any CPU
		{9AFCB2A1-0A16-4093-969D-A3E4E5A213EE}.Release|Any CPU.ActiveCfg = Release|Any CPU
		{9AFCB2A1-0A16-4093-969D-A3E4E5A213EE}.Release|Any CPU.Build.0 = Release|Any CPU
		{E8C979C0-E872-4AB3-9D18-BE84CEE1F96F}.Debug|Any CPU.ActiveCfg = Debug|Any CPU
		{E8C979C0-E872-4AB3-9D18-BE84CEE1F96F}.Debug|Any CPU.Build.0 = Debug|Any CPU
		{E8C979C0-E872-4AB3-9D18-BE84CEE1F96F}.Release|Any CPU.ActiveCfg = Release|Any CPU
		{E8C979C0-E872-4AB3-9D18-BE84CEE1F96F}.Release|Any CPU.Build.0 = Release|Any CPU
		{C40A2516-159D-4E00-92B4-DDF2298642A4}.Debug|Any CPU.ActiveCfg = Debug|Any CPU
		{C40A2516-159D-4E00-92B4-DDF2298642A4}.Debug|Any CPU.Build.0 = Debug|Any CPU
		{C40A2516-159D-4E00-92B4-DDF2298642A4}.Release|Any CPU.ActiveCfg = Release|Any CPU
		{C40A2516-159D-4E00-92B4-DDF2298642A4}.Release|Any CPU.Build.0 = Release|Any CPU
		{5F093838-EA43-4204-ACD1-5DDC5611BAAA}.Debug|Any CPU.ActiveCfg = Debug|Any CPU
		{5F093838-EA43-4204-ACD1-5DDC5611BAAA}.Debug|Any CPU.Build.0 = Debug|Any CPU
		{5F093838-EA43-4204-ACD1-5DDC5611BAAA}.Release|Any CPU.ActiveCfg = Release|Any CPU
		{5F093838-EA43-4204-ACD1-5DDC5611BAAA}.Release|Any CPU.Build.0 = Release|Any CPU
		{5745C2C6-CE53-45B3-BDE5-07FEBD53167A}.Debug|Any CPU.ActiveCfg = Debug|Any CPU
		{5745C2C6-CE53-45B3-BDE5-07FEBD53167A}.Debug|Any CPU.Build.0 = Debug|Any CPU
		{5745C2C6-CE53-45B3-BDE5-07FEBD53167A}.Release|Any CPU.ActiveCfg = Release|Any CPU
		{5745C2C6-CE53-45B3-BDE5-07FEBD53167A}.Release|Any CPU.Build.0 = Release|Any CPU
	EndGlobalSection
	GlobalSection(SolutionProperties) = preSolution
		HideSolutionNode = FALSE
	EndGlobalSection
	GlobalSection(NestedProjects) = preSolution
		{C40A2516-159D-4E00-92B4-DDF2298642A4} = {3C2FB4AE-4FA4-4CE9-BBF3-5A8382C8B6D8}
	EndGlobalSection
	GlobalSection(ExtensibilityGlobals) = postSolution
		SolutionGuid = {1155DE06-2CCF-469B-BB17-BC628AD0FF53}
	EndGlobalSection
EndGlobal
